
Microsoft Visual Studio Solution File, Format Version 12.00
# Visual Studio Version 17
VisualStudioVersion = 17.14.36414.22
MinimumVisualStudioVersion = 10.0.40219.1
Project("{2150E333-8FDC-42A3-9474-1A3956D46DE8}") = "Task0", "Task0", "{02EA681E-C7D8-13C7-8484-4AC65E1B71E8}"
EndProject
Project("{FAE04EC0-301F-11D3-BF4B-00C04F79EFBC}") = "Tyuiu.MitrofanovaPV.Sprint1.Task0.V6", "Tyuiu.MitrofanovaPV.Sprint1.Task0.V6\Tyuiu.MitrofanovaPV.Sprint1.Task0.V6.csproj", "{279EE8CC-4BF7-4CF2-A550-CE5AB37D27E6}"
EndProject
Project("{FAE04EC0-301F-11D3-BF4B-00C04F79EFBC}") = "Tyuiu.MitrofanovaPV.Sprint1.Task0.V6.Test", "Tyuiu.MitrofanovaPV.Sprint1.Task0.V6.Test\Tyuiu.MitrofanovaPV.Sprint1.Task0.V6.Test.csproj", "{3BF2ADD2-493F-4155-8D6B-DB840A7D28D9}"
EndProject
Project("{FAE04EC0-301F-11D3-BF4B-00C04F79EFBC}") = "Tyuiu.MitrofanovaPV.Sprint1.Task0.V6.Lib", "Tyuiu.MitrofanovaPV.Sprint1.Task0.V6.Lib\Tyuiu.MitrofanovaPV.Sprint1.Task0.V6.Lib.csproj", "{043C783A-9360-4C24-86B1-65A0B5D49A45}"
EndProject
Project("{2150E333-8FDC-42A3-9474-1A3956D46DE8}") = "Task1", "Task1", "{53E37F1A-8A99-47B8-B374-A2A2A0C6FCEB}"
EndProject
Project("{FAE04EC0-301F-11D3-BF4B-00C04F79EFBC}") = "Tyuiu.MitrofanovaPV.Sprint1.Task1.V2", "Tyuiu.MitrofanovaPV.Sprint1.Task1.V6\Tyuiu.MitrofanovaPV.Sprint1.Task1.V2.csproj", "{7E953EEF-C7E2-4342-983B-2C564B1ED63D}"
EndProject
Project("{FAE04EC0-301F-11D3-BF4B-00C04F79EFBC}") = "Tyuiu.MitrofanovaPV.Sprint1.Task1.V2.Lib", "Tyuiu.MitrofanovaPV.Sprint1.Task1.V6.Lib\Tyuiu.MitrofanovaPV.Sprint1.Task1.V2.Lib.csproj", "{B5206AE7-A9C7-4ACF-B65F-00B0AD3D00A4}"
EndProject
Project("{FAE04EC0-301F-11D3-BF4B-00C04F79EFBC}") = "Tyuiu.MitrofanovaPV.Sprint1.Task1.V2.Test", "Tyuiu.MitrofanovaPV.Sprint1.Task1.V6.Test\Tyuiu.MitrofanovaPV.Sprint1.Task1.V2.Test.csproj", "{CCE64336-56D9-40B8-A133-A6D315F36611}"
EndProject
Project("{2150E333-8FDC-42A3-9474-1A3956D46DE8}") = "Task2", "Task2", "{9911BE43-165F-4F00-BDD2-519C4BAE6816}"
EndProject
Project("{FAE04EC0-301F-11D3-BF4B-00C04F79EFBC}") = "Tyuiu.MitrofanovaPV.Sprint1.Task2.V20", "Tyuiu.MitrofanovaPV.Sprint1.Task2.V20\Tyuiu.MitrofanovaPV.Sprint1.Task2.V20.csproj", "{3C2334A5-1AF7-4C17-B13B-F51E84ECFA89}"
EndProject
Project("{FAE04EC0-301F-11D3-BF4B-00C04F79EFBC}") = "Tyuiu.MitrofanovaPV.Sprint1.Task2.V20.Test", "Tyuiu.MitrofanovaPV.Sprint1.Task2.V20.Test\Tyuiu.MitrofanovaPV.Sprint1.Task2.V20.Test.csproj", "{134C62E7-E1A8-4772-8D24-247C38D5BF19}"
EndProject
Project("{FAE04EC0-301F-11D3-BF4B-00C04F79EFBC}") = "Tyuiu.MitrofanovaPV.Sprint1.Task2.V20.Lib", "Tyuiu.MitrofanovaPV.Sprint1.Task2.V20.Lib\Tyuiu.MitrofanovaPV.Sprint1.Task2.V20.Lib.csproj", "{F4AD0131-3008-4F00-8EB6-FD1ACF868054}"
EndProject
Project("{2150E333-8FDC-42A3-9474-1A3956D46DE8}") = "Task3", "Task3", "{7D25C6C7-FC30-4526-B01A-8729703FFD2F}"
EndProject
Project("{FAE04EC0-301F-11D3-BF4B-00C04F79EFBC}") = "Tyuiu.MitrofanovaPV.Sprint1.Task3.V5", "Tyuiu.MitrofanovaPV.Sprint1.Task3.V5\Tyuiu.MitrofanovaPV.Sprint1.Task3.V5.csproj", "{0D75AC86-3C0F-4B77-80ED-8A8C734163DC}"
EndProject
Project("{FAE04EC0-301F-11D3-BF4B-00C04F79EFBC}") = "Tyuiu.MitrofanovaPV.Sprint1.Task3.V5.Lib", "Tyuiu.MitrofanovaPV.Sprint1.Task3.V5.Lib\Tyuiu.MitrofanovaPV.Sprint1.Task3.V5.Lib.csproj", "{1BFB74EC-CAEE-4C05-AC9D-471C68414BF5}"
EndProject
Project("{FAE04EC0-301F-11D3-BF4B-00C04F79EFBC}") = "Tyuiu.MitrofanovaPV.Sprint1.Task3.V5.Test", "Tyuiu.MitrofanovaPV.Sprint1.Task3.V5.Test\Tyuiu.MitrofanovaPV.Sprint1.Task3.V5.Test.csproj", "{7DE16120-A063-4CE8-BC82-C6885EF5519B}"
EndProject
Project("{2150E333-8FDC-42A3-9474-1A3956D46DE8}") = "Task4", "Task4", "{19F9107F-0546-42E0-99E8-8668DF058758}"
EndProject
Project("{FAE04EC0-301F-11D3-BF4B-00C04F79EFBC}") = "Tyuiu.MitrofanovaPV.Sprint1.Task4.V1", "Tyuiu.MitrofanovaPV.Sprint1.Task4.V1\Tyuiu.MitrofanovaPV.Sprint1.Task4.V1.csproj", "{08DFF871-383C-472F-ADC0-D0CD908C2EA3}"
EndProject
Project("{FAE04EC0-301F-11D3-BF4B-00C04F79EFBC}") = "Tyuiu.MitrofanovaPV.Sprint1.Task4.V1.Lib", "Tyuiu.MitrofanovaPV.Sprint1.Task4.V1.Lib\Tyuiu.MitrofanovaPV.Sprint1.Task4.V1.Lib.csproj", "{74C54BF5-45A5-459E-B606-1303E41BFD46}"
EndProject
Project("{FAE04EC0-301F-11D3-BF4B-00C04F79EFBC}") = "Tyuiu.MitrofanovaPV.Sprint1.Task4.V1.Test", "Tyuiu.MitrofanovaPV.Sprint1.Task4.V1.Test\Tyuiu.MitrofanovaPV.Sprint1.Task4.V1.Test.csproj", "{9240627F-4C81-4269-8E83-8856E2D52BE7}"
EndProject
Global
	GlobalSection(SolutionConfigurationPlatforms) = preSolution
		Debug|Any CPU = Debug|Any CPU
		Release|Any CPU = Release|Any CPU
	EndGlobalSection
	GlobalSection(ProjectConfigurationPlatforms) = postSolution
		{279EE8CC-4BF7-4CF2-A550-CE5AB37D27E6}.Debug|Any CPU.ActiveCfg = Debug|Any CPU
		{279EE8CC-4BF7-4CF2-A550-CE5AB37D27E6}.Debug|Any CPU.Build.0 = Debug|Any CPU
		{279EE8CC-4BF7-4CF2-A550-CE5AB37D27E6}.Release|Any CPU.ActiveCfg = Release|Any CPU
		{279EE8CC-4BF7-4CF2-A550-CE5AB37D27E6}.Release|Any CPU.Build.0 = Release|Any CPU
		{3BF2ADD2-493F-4155-8D6B-DB840A7D28D9}.Debug|Any CPU.ActiveCfg = Debug|Any CPU
		{3BF2ADD2-493F-4155-8D6B-DB840A7D28D9}.Debug|Any CPU.Build.0 = Debug|Any CPU
		{3BF2ADD2-493F-4155-8D6B-DB840A7D28D9}.Release|Any CPU.ActiveCfg = Release|Any CPU
		{3BF2ADD2-493F-4155-8D6B-DB840A7D28D9}.Release|Any CPU.Build.0 = Release|Any CPU
		{043C783A-9360-4C24-86B1-65A0B5D49A45}.Debug|Any CPU.ActiveCfg = Debug|Any CPU
		{043C783A-9360-4C24-86B1-65A0B5D49A45}.Debug|Any CPU.Build.0 = Debug|Any CPU
		{043C783A-9360-4C24-86B1-65A0B5D49A45}.Release|Any CPU.ActiveCfg = Release|Any CPU
		{043C783A-9360-4C24-86B1-65A0B5D49A45}.Release|Any CPU.Build.0 = Release|Any CPU
		{7E953EEF-C7E2-4342-983B-2C564B1ED63D}.Debug|Any CPU.ActiveCfg = Debug|Any CPU
		{7E953EEF-C7E2-4342-983B-2C564B1ED63D}.Debug|Any CPU.Build.0 = Debug|Any CPU
		{7E953EEF-C7E2-4342-983B-2C564B1ED63D}.Release|Any CPU.ActiveCfg = Release|Any CPU
		{7E953EEF-C7E2-4342-983B-2C564B1ED63D}.Release|Any CPU.Build.0 = Release|Any CPU
		{B5206AE7-A9C7-4ACF-B65F-00B0AD3D00A4}.Debug|Any CPU.ActiveCfg = Debug|Any CPU
		{B5206AE7-A9C7-4ACF-B65F-00B0AD3D00A4}.Debug|Any CPU.Build.0 = Debug|Any CPU
		{B5206AE7-A9C7-4ACF-B65F-00B0AD3D00A4}.Release|Any CPU.ActiveCfg = Release|Any CPU
		{B5206AE7-A9C7-4ACF-B65F-00B0AD3D00A4}.Release|Any CPU.Build.0 = Release|Any CPU
		{CCE64336-56D9-40B8-A133-A6D315F36611}.Debug|Any CPU.ActiveCfg = Debug|Any CPU
		{CCE64336-56D9-40B8-A133-A6D315F36611}.Debug|Any CPU.Build.0 = Debug|Any CPU
		{CCE64336-56D9-40B8-A133-A6D315F36611}.Release|Any CPU.ActiveCfg = Release|Any CPU
		{CCE64336-56D9-40B8-A133-A6D315F36611}.Release|Any CPU.Build.0 = Release|Any CPU
		{3C2334A5-1AF7-4C17-B13B-F51E84ECFA89}.Debug|Any CPU.ActiveCfg = Debug|Any CPU
		{3C2334A5-1AF7-4C17-B13B-F51E84ECFA89}.Debug|Any CPU.Build.0 = Debug|Any CPU
		{3C2334A5-1AF7-4C17-B13B-F51E84ECFA89}.Release|Any CPU.ActiveCfg = Release|Any CPU
		{3C2334A5-1AF7-4C17-B13B-F51E84ECFA89}.Release|Any CPU.Build.0 = Release|Any CPU
		{134C62E7-E1A8-4772-8D24-247C38D5BF19}.Debug|Any CPU.ActiveCfg = Debug|Any CPU
		{134C62E7-E1A8-4772-8D24-247C38D5BF19}.Debug|Any CPU.Build.0 = Debug|Any CPU
		{134C62E7-E1A8-4772-8D24-247C38D5BF19}.Release|Any CPU.ActiveCfg = Release|Any CPU
		{134C62E7-E1A8-4772-8D24-247C38D5BF19}.Release|Any CPU.Build.0 = Release|Any CPU
		{F4AD0131-3008-4F00-8EB6-FD1ACF868054}.Debug|Any CPU.ActiveCfg = Debug|Any CPU
		{F4AD0131-3008-4F00-8EB6-FD1ACF868054}.Debug|Any CPU.Build.0 = Debug|Any CPU
		{F4AD0131-3008-4F00-8EB6-FD1ACF868054}.Release|Any CPU.ActiveCfg = Release|Any CPU
		{F4AD0131-3008-4F00-8EB6-FD1ACF868054}.Release|Any CPU.Build.0 = Release|Any CPU
		{0D75AC86-3C0F-4B77-80ED-8A8C734163DC}.Debug|Any CPU.ActiveCfg = Debug|Any CPU
		{0D75AC86-3C0F-4B77-80ED-8A8C734163DC}.Debug|Any CPU.Build.0 = Debug|Any CPU
		{0D75AC86-3C0F-4B77-80ED-8A8C734163DC}.Release|Any CPU.ActiveCfg = Release|Any CPU
		{0D75AC86-3C0F-4B77-80ED-8A8C734163DC}.Release|Any CPU.Build.0 = Release|Any CPU
		{1BFB74EC-CAEE-4C05-AC9D-471C68414BF5}.Debug|Any CPU.ActiveCfg = Debug|Any CPU
		{1BFB74EC-CAEE-4C05-AC9D-471C68414BF5}.Debug|Any CPU.Build.0 = Debug|Any CPU
		{1BFB74EC-CAEE-4C05-AC9D-471C68414BF5}.Release|Any CPU.ActiveCfg = Release|Any CPU
		{1BFB74EC-CAEE-4C05-AC9D-471C68414BF5}.Release|Any CPU.Build.0 = Release|Any CPU
		{7DE16120-A063-4CE8-BC82-C6885EF5519B}.Debug|Any CPU.ActiveCfg = Debug|Any CPU
		{7DE16120-A063-4CE8-BC82-C6885EF5519B}.Debug|Any CPU.Build.0 = Debug|Any CPU
		{7DE16120-A063-4CE8-BC82-C6885EF5519B}.Release|Any CPU.ActiveCfg = Release|Any CPU
		{7DE16120-A063-4CE8-BC82-C6885EF5519B}.Release|Any CPU.Build.0 = Release|Any CPU
		{08DFF871-383C-472F-ADC0-D0CD908C2EA3}.Debug|Any CPU.ActiveCfg = Debug|Any CPU
		{08DFF871-383C-472F-ADC0-D0CD908C2EA3}.Debug|Any CPU.Build.0 = Debug|Any CPU
		{08DFF871-383C-472F-ADC0-D0CD908C2EA3}.Release|Any CPU.ActiveCfg = Release|Any CPU
		{08DFF871-383C-472F-ADC0-D0CD908C2EA3}.Release|Any CPU.Build.0 = Release|Any CPU
		{74C54BF5-45A5-459E-B606-1303E41BFD46}.Debug|Any CPU.ActiveCfg = Debug|Any CPU
		{74C54BF5-45A5-459E-B606-1303E41BFD46}.Debug|Any CPU.Build.0 = Debug|Any CPU
		{74C54BF5-45A5-459E-B606-1303E41BFD46}.Release|Any CPU.ActiveCfg = Release|Any CPU
		{74C54BF5-45A5-459E-B606-1303E41BFD46}.Release|Any CPU.Build.0 = Release|Any CPU
		{9240627F-4C81-4269-8E83-8856E2D52BE7}.Debug|Any CPU.ActiveCfg = Debug|Any CPU
		{9240627F-4C81-4269-8E83-8856E2D52BE7}.Debug|Any CPU.Build.0 = Debug|Any CPU
		{9240627F-4C81-4269-8E83-8856E2D52BE7}.Release|Any CPU.ActiveCfg = Release|Any CPU
		{9240627F-4C81-4269-8E83-8856E2D52BE7}.Release|Any CPU.Build.0 = Release|Any CPU
	EndGlobalSection
	GlobalSection(SolutionProperties) = preSolution
		HideSolutionNode = FALSE
	EndGlobalSection
	GlobalSection(NestedProjects) = preSolution
		{279EE8CC-4BF7-4CF2-A550-CE5AB37D27E6} = {02EA681E-C7D8-13C7-8484-4AC65E1B71E8}
		{3BF2ADD2-493F-4155-8D6B-DB840A7D28D9} = {02EA681E-C7D8-13C7-8484-4AC65E1B71E8}
		{043C783A-9360-4C24-86B1-65A0B5D49A45} = {02EA681E-C7D8-13C7-8484-4AC65E1B71E8}
		{7E953EEF-C7E2-4342-983B-2C564B1ED63D} = {53E37F1A-8A99-47B8-B374-A2A2A0C6FCEB}
		{B5206AE7-A9C7-4ACF-B65F-00B0AD3D00A4} = {53E37F1A-8A99-47B8-B374-A2A2A0C6FCEB}
		{CCE64336-56D9-40B8-A133-A6D315F36611} = {53E37F1A-8A99-47B8-B374-A2A2A0C6FCEB}
		{3C2334A5-1AF7-4C17-B13B-F51E84ECFA89} = {9911BE43-165F-4F00-BDD2-519C4BAE6816}
		{134C62E7-E1A8-4772-8D24-247C38D5BF19} = {9911BE43-165F-4F00-BDD2-519C4BAE6816}
		{F4AD0131-3008-4F00-8EB6-FD1ACF868054} = {9911BE43-165F-4F00-BDD2-519C4BAE6816}
		{0D75AC86-3C0F-4B77-80ED-8A8C734163DC} = {7D25C6C7-FC30-4526-B01A-8729703FFD2F}
		{1BFB74EC-CAEE-4C05-AC9D-471C68414BF5} = {7D25C6C7-FC30-4526-B01A-8729703FFD2F}
		{7DE16120-A063-4CE8-BC82-C6885EF5519B} = {7D25C6C7-FC30-4526-B01A-8729703FFD2F}
		{08DFF871-383C-472F-ADC0-D0CD908C2EA3} = {19F9107F-0546-42E0-99E8-8668DF058758}
		{74C54BF5-45A5-459E-B606-1303E41BFD46} = {19F9107F-0546-42E0-99E8-8668DF058758}
		{9240627F-4C81-4269-8E83-8856E2D52BE7} = {19F9107F-0546-42E0-99E8-8668DF058758}
	EndGlobalSection
	GlobalSection(ExtensibilityGlobals) = postSolution
		SolutionGuid = {43D95446-D3E9-4953-8245-CA836F61B187}
	EndGlobalSection
EndGlobal
